
Microsoft Visual Studio Solution File, Format Version 12.00
# Visual Studio 14
VisualStudioVersion = 14.0.25420.1
MinimumVisualStudioVersion = 10.0.40219.1
Project("{FAE04EC0-301F-11D3-BF4B-00C04F79EFBC}") = "graph_views_exploration", "graph_views_exploration\graph_views_exploration.csproj", "{DD8D7BFF-6D18-4B62-8D5D-235C84D3B9EB}"
EndProject
Project("{FAE04EC0-301F-11D3-BF4B-00C04F79EFBC}") = "graph_views_exploration.Tests", "graph_views_exploration.Tests\graph_views_exploration.Tests.csproj", "{5593A4DE-2FDE-41CC-A26C-BD2E3AEB5546}"
EndProject
Project("{FAE04EC0-301F-11D3-BF4B-00C04F79EFBC}") = "WpfExploration", "WpfExploration\WpfExploration.csproj", "{D0ECA2CA-497E-4540-B9AF-B9D6587C6D6A}"
EndProject
Project("{FAE04EC0-301F-11D3-BF4B-00C04F79EFBC}") = "socket_server", "sockets\socket_server.csproj", "{DB973B7E-4306-4F22-9679-412196810522}"
EndProject
Global
	GlobalSection(SolutionConfigurationPlatforms) = preSolution
		Debug|Any CPU = Debug|Any CPU
		Release|Any CPU = Release|Any CPU
	EndGlobalSection
	GlobalSection(ProjectConfigurationPlatforms) = postSolution
		{DD8D7BFF-6D18-4B62-8D5D-235C84D3B9EB}.Debug|Any CPU.ActiveCfg = Debug|Any CPU
		{DD8D7BFF-6D18-4B62-8D5D-235C84D3B9EB}.Debug|Any CPU.Build.0 = Debug|Any CPU
		{DD8D7BFF-6D18-4B62-8D5D-235C84D3B9EB}.Release|Any CPU.ActiveCfg = Release|Any CPU
		{DD8D7BFF-6D18-4B62-8D5D-235C84D3B9EB}.Release|Any CPU.Build.0 = Release|Any CPU
		{5593A4DE-2FDE-41CC-A26C-BD2E3AEB5546}.Debug|Any CPU.ActiveCfg = Debug|Any CPU
		{5593A4DE-2FDE-41CC-A26C-BD2E3AEB5546}.Debug|Any CPU.Build.0 = Debug|Any CPU
		{5593A4DE-2FDE-41CC-A26C-BD2E3AEB5546}.Release|Any CPU.ActiveCfg = Release|Any CPU
		{5593A4DE-2FDE-41CC-A26C-BD2E3AEB5546}.Release|Any CPU.Build.0 = Release|Any CPU
		{D0ECA2CA-497E-4540-B9AF-B9D6587C6D6A}.Debug|Any CPU.ActiveCfg = Debug|Any CPU
		{D0ECA2CA-497E-4540-B9AF-B9D6587C6D6A}.Debug|Any CPU.Build.0 = Debug|Any CPU
		{D0ECA2CA-497E-4540-B9AF-B9D6587C6D6A}.Release|Any CPU.ActiveCfg = Release|Any CPU
		{D0ECA2CA-497E-4540-B9AF-B9D6587C6D6A}.Release|Any CPU.Build.0 = Release|Any CPU
		{DB973B7E-4306-4F22-9679-412196810522}.Debug|Any CPU.ActiveCfg = Debug|Any CPU
		{DB973B7E-4306-4F22-9679-412196810522}.Debug|Any CPU.Build.0 = Debug|Any CPU
		{DB973B7E-4306-4F22-9679-412196810522}.Release|Any CPU.ActiveCfg = Release|Any CPU
		{DB973B7E-4306-4F22-9679-412196810522}.Release|Any CPU.Build.0 = Release|Any CPU
	EndGlobalSection
	GlobalSection(SolutionProperties) = preSolution
		HideSolutionNode = FALSE
	EndGlobalSection
EndGlobal
