
Microsoft Visual Studio Solution File, Format Version 12.00
# Visual Studio 14
VisualStudioVersion = 14.0.25420.1
MinimumVisualStudioVersion = 10.0.40219.1
Project("{FAE04EC0-301F-11D3-BF4B-00C04F79EFBC}") = "Server", "ETL_System\Server.csproj", "{FD1ACE1F-0536-4736-850B-A9EAEE253251}"
EndProject
Project("{FAE04EC0-301F-11D3-BF4B-00C04F79EFBC}") = "ETL_System_Client", "ETL_System_Client\ETL_System_Client.csproj", "{D174F02E-78DD-4762-B003-CD36107D364D}"
EndProject
Project("{FAE04EC0-301F-11D3-BF4B-00C04F79EFBC}") = "System_Library", "System_Library\System_Library.csproj", "{BB91853A-3027-4EBB-ADAC-F7F2D1DD2D4C}"
EndProject
Project("{FAE04EC0-301F-11D3-BF4B-00C04F79EFBC}") = "ETL_System_Admin_Client", "ETL_System_Admin_Client\ETL_System_Admin_Client.csproj", "{706F316E-A864-41D8-928B-7D5F9B26CCF7}"
EndProject
Project("{FAE04EC0-301F-11D3-BF4B-00C04F79EFBC}") = "ETL_System_Client_console", "ETL_System_Client_console\ETL_System_Client_console.csproj", "{6E151888-2266-4D11-8E4E-30DAE728CEA5}"
EndProject
Global
	GlobalSection(SolutionConfigurationPlatforms) = preSolution
		Debug|Any CPU = Debug|Any CPU
		Release|Any CPU = Release|Any CPU
	EndGlobalSection
	GlobalSection(ProjectConfigurationPlatforms) = postSolution
		{FD1ACE1F-0536-4736-850B-A9EAEE253251}.Debug|Any CPU.ActiveCfg = Debug|Any CPU
		{FD1ACE1F-0536-4736-850B-A9EAEE253251}.Debug|Any CPU.Build.0 = Debug|Any CPU
		{FD1ACE1F-0536-4736-850B-A9EAEE253251}.Release|Any CPU.ActiveCfg = Release|Any CPU
		{FD1ACE1F-0536-4736-850B-A9EAEE253251}.Release|Any CPU.Build.0 = Release|Any CPU
		{D174F02E-78DD-4762-B003-CD36107D364D}.Debug|Any CPU.ActiveCfg = Debug|Any CPU
		{D174F02E-78DD-4762-B003-CD36107D364D}.Debug|Any CPU.Build.0 = Debug|Any CPU
		{D174F02E-78DD-4762-B003-CD36107D364D}.Release|Any CPU.ActiveCfg = Release|Any CPU
		{D174F02E-78DD-4762-B003-CD36107D364D}.Release|Any CPU.Build.0 = Release|Any CPU
		{BB91853A-3027-4EBB-ADAC-F7F2D1DD2D4C}.Debug|Any CPU.ActiveCfg = Debug|Any CPU
		{BB91853A-3027-4EBB-ADAC-F7F2D1DD2D4C}.Debug|Any CPU.Build.0 = Debug|Any CPU
		{BB91853A-3027-4EBB-ADAC-F7F2D1DD2D4C}.Release|Any CPU.ActiveCfg = Release|Any CPU
		{BB91853A-3027-4EBB-ADAC-F7F2D1DD2D4C}.Release|Any CPU.Build.0 = Release|Any CPU
		{706F316E-A864-41D8-928B-7D5F9B26CCF7}.Debug|Any CPU.ActiveCfg = Debug|Any CPU
		{706F316E-A864-41D8-928B-7D5F9B26CCF7}.Debug|Any CPU.Build.0 = Debug|Any CPU
		{706F316E-A864-41D8-928B-7D5F9B26CCF7}.Release|Any CPU.ActiveCfg = Release|Any CPU
		{706F316E-A864-41D8-928B-7D5F9B26CCF7}.Release|Any CPU.Build.0 = Release|Any CPU
		{6E151888-2266-4D11-8E4E-30DAE728CEA5}.Debug|Any CPU.ActiveCfg = Debug|Any CPU
		{6E151888-2266-4D11-8E4E-30DAE728CEA5}.Debug|Any CPU.Build.0 = Debug|Any CPU
		{6E151888-2266-4D11-8E4E-30DAE728CEA5}.Release|Any CPU.ActiveCfg = Release|Any CPU
		{6E151888-2266-4D11-8E4E-30DAE728CEA5}.Release|Any CPU.Build.0 = Release|Any CPU
	EndGlobalSection
	GlobalSection(SolutionProperties) = preSolution
		HideSolutionNode = FALSE
	EndGlobalSection
EndGlobal
